{
  "name": "@hdm/frontend",
  "version": "2.0.1",
  "lockfileVersion": 1,
  "requires": true,
  "dependencies": {
    "@types/pdfjs-dist": {
      "version": "2.1.5",
      "resolved": "https://registry.npmjs.org/@types/pdfjs-dist/-/pdfjs-dist-2.1.5.tgz",
      "integrity": "sha512-/vs9nLI/BYNo1pobKR5oEucEEcMgd8Mx1nByPNR3QhTboBwdDreQ0fHYXrGRtK3cShDDrVdApL0KhMckMuKSHw==",
      "dev": true
    },
    "@types/prop-types": {
      "version": "15.7.3",
      "resolved": "https://registry.npmjs.org/@types/prop-types/-/prop-types-15.7.3.tgz",
      "integrity": "sha512-KfRL3PuHmqQLOG+2tGpRO26Ctg+Cq1E01D2DMriKEATHgWLfeNDmq9e29Q9WIky0dQ3NPkd1mzYH8Lm936Z9qw==",
      "dev": true
    },
    "@types/react": {
      "version": "16.9.52",
      "resolved": "https://registry.npmjs.org/@types/react/-/react-16.9.52.tgz",
      "integrity": "sha512-EHRjmnxiNivwhGdMh9sz1Yw9AUxTSZFxKqdBWAAzyZx3sufWwx6ogqHYh/WB1m/I4ZpjkoZLExF5QTy2ekVi/Q==",
      "dev": true,
      "requires": {
        "@types/prop-types": "*",
        "csstype": "^3.0.2"
      }
    },
    "@types/react-pdf": {
      "version": "4.0.6",
      "resolved": "https://registry.npmjs.org/@types/react-pdf/-/react-pdf-4.0.6.tgz",
      "integrity": "sha512-ZmtUA31L5AaF9PilB8cJ3PuGOHIiyWcHnCir7KOux1cDjfVH6VxiN/j7CcyX98U9hwlyN81bkqxeNWNuEc0a4w==",
      "dev": true,
      "requires": {
        "@types/pdfjs-dist": "*",
        "@types/react": "*"
      }
    },
    "colorette": {
      "version": "1.2.1",
      "resolved": "https://registry.npmjs.org/colorette/-/colorette-1.2.1.tgz",
      "integrity": "sha512-puCDz0CzydiSYOrnXpz/PKd69zRrribezjtE9yd4zvytoRc8+RY/KJPvtPFKZS3E3wP6neGyMe0vOTlHO5L3Pw==",
      "dev": true
    },
    "csstype": {
      "version": "3.0.3",
      "resolved": "https://registry.npmjs.org/csstype/-/csstype-3.0.3.tgz",
      "integrity": "sha512-jPl+wbWPOWJ7SXsWyqGRk3lGecbar0Cb0OvZF/r/ZU011R4YqiRehgkQ9p4eQfo9DSDLqLL3wHwfxeJiuIsNag==",
      "dev": true
    },
    "isarray": {
      "version": "1.0.0",
      "resolved": "https://registry.npmjs.org/isarray/-/isarray-1.0.0.tgz",
      "integrity": "sha1-u5NdSFgsuhaMBoNJV6VKPgcSTxE=",
      "dev": true
    },
    "isobject": {
      "version": "2.1.0",
      "resolved": "https://registry.npmjs.org/isobject/-/isobject-2.1.0.tgz",
      "integrity": "sha1-8GVWEJaj8dou9GJy+BXIQNh+DIk=",
      "dev": true,
      "requires": {
        "isarray": "1.0.0"
      }
    },
    "line-column": {
      "version": "1.0.2",
      "resolved": "https://registry.npmjs.org/line-column/-/line-column-1.0.2.tgz",
      "integrity": "sha1-0lryk2tvSEkXKzEuR5LR2Ye8NKI=",
      "dev": true,
      "requires": {
        "isarray": "^1.0.0",
        "isobject": "^2.0.0"
      }
    },
    "nanoid": {
      "version": "3.1.12",
      "resolved": "https://registry.npmjs.org/nanoid/-/nanoid-3.1.12.tgz",
      "integrity": "sha512-1qstj9z5+x491jfiC4Nelk+f8XBad7LN20PmyWINJEMRSf3wcAjAWysw1qaA8z6NSKe2sjq1hRSDpBH5paCb6A==",
      "dev": true
    },
    "postcss": {
      "version": "8.1.1",
      "resolved": "https://registry.npmjs.org/postcss/-/postcss-8.1.1.tgz",
      "integrity": "sha512-9DGLSsjooH3kSNjTZUOt2eIj2ZTW0VI2PZ/3My+8TC7KIbH2OKwUlISfDsf63EP4aiRUt3XkEWMWvyJHvJelEg==",
      "dev": true,
      "requires": {
        "colorette": "^1.2.1",
        "line-column": "^1.0.2",
        "nanoid": "^3.1.12",
        "source-map": "^0.6.1"
      }
    },
    "source-map": {
      "version": "0.6.1",
      "resolved": "https://registry.npmjs.org/source-map/-/source-map-0.6.1.tgz",
      "integrity": "sha512-UjgapumWlbMhkBgzT7Ykc5YXUT46F0iKu8SGXq0bcwP5dz/h0Plj6enJqjz1Zbq2l5WaqYnrVbwWOWMyF3F47g==",
      "dev": true
    }
  }
}
